{
  "nodes": {
    "nixpkgs": {
      "locked": {
        "lastModified": 1782847189,
        "narHash": "sha256-twXPFqFsrrY5r28Zh7Homgcp2gUMBgQ6WDS98Q/3xFI=",
        "owner": "NixOS",
        "repo": "nixpkgs",
        "rev": "b6018f87da91d19d0ab4cf979885689b469cdd41",
        "type": "github"
      },
      "original": {
        "owner": "NixOS",
        "ref": "nixos-25.11",
        "repo": "nixpkgs",
        "type": "github"
      }
    },
    "nixpkgs-24-11": {
      "locked": {
        "lastModified": 1751274312,
        "narHash": "sha256-/bVBlRpECLVzjV19t5KMdMFWSwKLtb5RyXdjz3LJT+g=",
        "owner": "NixOS",
        "repo": "nixpkgs",
        "rev": "50ab793786d9de88ee30ec4e4c24fb4236fc2674",
        "type": "github"
      },
      "original": {
        "owner": "NixOS",
        "ref": "nixos-24.11",
        "repo": "nixpkgs",
        "type": "github"
      }
    },
    "nixpkgs-pr-angr-management": {
      "locked": {
        "lastModified": 1742721443,
        "narHash": "sha256-Xgi47zJvECJDw21ZOSMmMq+vIu216mpQc87EAdJzm9g=",
        "owner": "NixOS",
        "repo": "nixpkgs",
        "rev": "f3a69bae1ad31203c2e6491ed9b4a0afa8048e53",
        "type": "github"
      },
      "original": {
        "owner": "NixOS",
        "ref": "pull/360310/head",
        "repo": "nixpkgs",
        "type": "github"
      }
    },
    "root": {
      "inputs": {
        "nixpkgs": "nixpkgs",
        "nixpkgs-24-11": "nixpkgs-24-11",
        "nixpkgs-pr-angr-management": "nixpkgs-pr-angr-management"
      }
    }
  },
  "root": "root",
  "version": 7
}
